
Microsoft Visual Studio Solution File, Format Version 12.00
# Visual Studio Version 17
VisualStudioVersion = 17.0.31903.59
MinimumVisualStudioVersion = 10.0.40219.1
Project("{9A19103F-16F7-4668-BE54-9A1E7A4F7556}") = "Pushfi.WebAPI", "Pushfi.WebAPI\Pushfi.WebAPI.csproj", "{29999C9A-A7F3-47A4-8DCC-56D947BBBDC9}"
EndProject
Project("{9A19103F-16F7-4668-BE54-9A1E7A4F7556}") = "Pushfi.Application", "Pushfi.Application\Pushfi.Application.csproj", "{5C35A190-433E-4B68-819C-685D5D1AE4C6}"
EndProject
Project("{9A19103F-16F7-4668-BE54-9A1E7A4F7556}") = "Pushfi.Domain", "Pushfi.Domain\Pushfi.Domain.csproj", "{6C970C8C-071F-4081-ACFD-5009240DD756}"
EndProject
Project("{9A19103F-16F7-4668-BE54-9A1E7A4F7556}") = "Pushfi.Infrastructure", "Pushfi.Infrastructure\Pushfi.Infrastructure.csproj", "{ABD440C8-D462-4911-92E9-A0B002F3251C}"
EndProject
Project("{FAE04EC0-301F-11D3-BF4B-00C04F79EFBC}") = "Pushfi.Common", "Pushfi.Common\Pushfi.Common.csproj", "{8AD38942-DE07-4B54-B2CC-28E2AD7AF418}"
EndProject
Global
	GlobalSection(SolutionConfigurationPlatforms) = preSolution
		Debug|Any CPU = Debug|Any CPU
		Release|Any CPU = Release|Any CPU
	EndGlobalSection
	GlobalSection(ProjectConfigurationPlatforms) = postSolution
		{29999C9A-A7F3-47A4-8DCC-56D947BBBDC9}.Debug|Any CPU.ActiveCfg = Debug|Any CPU
		{29999C9A-A7F3-47A4-8DCC-56D947BBBDC9}.Debug|Any CPU.Build.0 = Debug|Any CPU
		{29999C9A-A7F3-47A4-8DCC-56D947BBBDC9}.Release|Any CPU.ActiveCfg = Release|Any CPU
		{29999C9A-A7F3-47A4-8DCC-56D947BBBDC9}.Release|Any CPU.Build.0 = Release|Any CPU
		{5C35A190-433E-4B68-819C-685D5D1AE4C6}.Debug|Any CPU.ActiveCfg = Debug|Any CPU
		{5C35A190-433E-4B68-819C-685D5D1AE4C6}.Debug|Any CPU.Build.0 = Debug|Any CPU
		{5C35A190-433E-4B68-819C-685D5D1AE4C6}.Release|Any CPU.ActiveCfg = Release|Any CPU
		{5C35A190-433E-4B68-819C-685D5D1AE4C6}.Release|Any CPU.Build.0 = Release|Any CPU
		{6C970C8C-071F-4081-ACFD-5009240DD756}.Debug|Any CPU.ActiveCfg = Debug|Any CPU
		{6C970C8C-071F-4081-ACFD-5009240DD756}.Debug|Any CPU.Build.0 = Debug|Any CPU
		{6C970C8C-071F-4081-ACFD-5009240DD756}.Release|Any CPU.ActiveCfg = Release|Any CPU
		{6C970C8C-071F-4081-ACFD-5009240DD756}.Release|Any CPU.Build.0 = Release|Any CPU
		{ABD440C8-D462-4911-92E9-A0B002F3251C}.Debug|Any CPU.ActiveCfg = Debug|Any CPU
		{ABD440C8-D462-4911-92E9-A0B002F3251C}.Debug|Any CPU.Build.0 = Debug|Any CPU
		{ABD440C8-D462-4911-92E9-A0B002F3251C}.Release|Any CPU.ActiveCfg = Release|Any CPU
		{ABD440C8-D462-4911-92E9-A0B002F3251C}.Release|Any CPU.Build.0 = Release|Any CPU
		{8AD38942-DE07-4B54-B2CC-28E2AD7AF418}.Debug|Any CPU.ActiveCfg = Debug|Any CPU
		{8AD38942-DE07-4B54-B2CC-28E2AD7AF418}.Debug|Any CPU.Build.0 = Debug|Any CPU
		{8AD38942-DE07-4B54-B2CC-28E2AD7AF418}.Release|Any CPU.ActiveCfg = Release|Any CPU
		{8AD38942-DE07-4B54-B2CC-28E2AD7AF418}.Release|Any CPU.Build.0 = Release|Any CPU
	EndGlobalSection
	GlobalSection(SolutionProperties) = preSolution
		HideSolutionNode = FALSE
	EndGlobalSection
	GlobalSection(ExtensibilityGlobals) = postSolution
		SolutionGuid = {6B596A6E-860D-4137-92F6-FF0E3F3F61A5}
	EndGlobalSection
EndGlobal
